
Microsoft Visual Studio Solution File, Format Version 12.00
# Visual Studio Version 17
VisualStudioVersion = 17.5.002.0
MinimumVisualStudioVersion = 10.0.40219.1
Project("{9A19103F-16F7-4668-BE54-9A1E7A4F7556}") = "Task 47", "Task 47.csproj", "{18352950-DC33-4C06-9E83-BC5CCD66C710}"
EndProject
Global
	GlobalSection(SolutionConfigurationPlatforms) = preSolution
		Debug|Any CPU = Debug|Any CPU
		Release|Any CPU = Release|Any CPU
	EndGlobalSection
	GlobalSection(ProjectConfigurationPlatforms) = postSolution
		{18352950-DC33-4C06-9E83-BC5CCD66C710}.Debug|Any CPU.ActiveCfg = Debug|Any CPU
		{18352950-DC33-4C06-9E83-BC5CCD66C710}.Debug|Any CPU.Build.0 = Debug|Any CPU
		{18352950-DC33-4C06-9E83-BC5CCD66C710}.Release|Any CPU.ActiveCfg = Release|Any CPU
		{18352950-DC33-4C06-9E83-BC5CCD66C710}.Release|Any CPU.Build.0 = Release|Any CPU
	EndGlobalSection
	GlobalSection(SolutionProperties) = preSolution
		HideSolutionNode = FALSE
	EndGlobalSection
	GlobalSection(ExtensibilityGlobals) = postSolution
		SolutionGuid = {AE41BB79-FC43-4857-89BA-79CA03B37E09}
	EndGlobalSection
EndGlobal
